
Microsoft Visual Studio Solution File, Format Version 12.00
# Visual Studio Version 17
VisualStudioVersion = 17.11.35222.181
MinimumVisualStudioVersion = 10.0.40219.1
Project("{FAE04EC0-301F-11D3-BF4B-00C04F79EFBC}") = "Tienda", "Tienda\Tienda.csproj", "{69804E99-B9B9-4359-8BE4-E4AB7ECA6D8C}"
EndProject
Global
	GlobalSection(SolutionConfigurationPlatforms) = preSolution
		Debug|Any CPU = Debug|Any CPU
		Release|Any CPU = Release|Any CPU
	EndGlobalSection
	GlobalSection(ProjectConfigurationPlatforms) = postSolution
		{69804E99-B9B9-4359-8BE4-E4AB7ECA6D8C}.Debug|Any CPU.ActiveCfg = Debug|Any CPU
		{69804E99-B9B9-4359-8BE4-E4AB7ECA6D8C}.Debug|Any CPU.Build.0 = Debug|Any CPU
		{69804E99-B9B9-4359-8BE4-E4AB7ECA6D8C}.Release|Any CPU.ActiveCfg = Release|Any CPU
		{69804E99-B9B9-4359-8BE4-E4AB7ECA6D8C}.Release|Any CPU.Build.0 = Release|Any CPU
	EndGlobalSection
	GlobalSection(SolutionProperties) = preSolution
		HideSolutionNode = FALSE
	EndGlobalSection
	GlobalSection(ExtensibilityGlobals) = postSolution
		SolutionGuid = {FE5AFACC-015B-4D05-BC4B-26E6E0C97B96}
	EndGlobalSection
EndGlobal
